
Microsoft Visual Studio Solution File, Format Version 12.00
# Visual Studio Version 17
VisualStudioVersion = 17.11.35312.102
MinimumVisualStudioVersion = 10.0.40219.1
Project("{FAE04EC0-301F-11D3-BF4B-00C04F79EFBC}") = "GeorgeaAdinaLab7", "GeorgeaAdinaLab7.csproj", "{371E8E65-B1EE-4868-9FB2-2B5613629378}"
EndProject
Global
	GlobalSection(SolutionConfigurationPlatforms) = preSolution
		Debug|Any CPU = Debug|Any CPU
		Release|Any CPU = Release|Any CPU
	EndGlobalSection
	GlobalSection(ProjectConfigurationPlatforms) = postSolution
		{371E8E65-B1EE-4868-9FB2-2B5613629378}.Debug|Any CPU.ActiveCfg = Debug|Any CPU
		{371E8E65-B1EE-4868-9FB2-2B5613629378}.Debug|Any CPU.Build.0 = Debug|Any CPU
		{371E8E65-B1EE-4868-9FB2-2B5613629378}.Debug|Any CPU.Deploy.0 = Debug|Any CPU
		{371E8E65-B1EE-4868-9FB2-2B5613629378}.Release|Any CPU.ActiveCfg = Release|Any CPU
		{371E8E65-B1EE-4868-9FB2-2B5613629378}.Release|Any CPU.Build.0 = Release|Any CPU
		{371E8E65-B1EE-4868-9FB2-2B5613629378}.Release|Any CPU.Deploy.0 = Release|Any CPU
	EndGlobalSection
	GlobalSection(SolutionProperties) = preSolution
		HideSolutionNode = FALSE
	EndGlobalSection
	GlobalSection(ExtensibilityGlobals) = postSolution
		SolutionGuid = {127482D3-4B7F-4C66-826D-FBC0A04F760E}
	EndGlobalSection
EndGlobal
